
Microsoft Visual Studio Solution File, Format Version 12.00
# Visual Studio Version 16
VisualStudioVersion = 25.0.1700.0
MinimumVisualStudioVersion = 10.0.40219.1
Project("{FAE04EC0-301F-11D3-BF4B-00C04F79EFBC}") = "Day01", "Day.01\Day01.csproj", "{2442807E-63FD-44C7-ABE0-9B31585F8A1A}"
EndProject
Project("{FAE04EC0-301F-11D3-BF4B-00C04F79EFBC}") = "Day14", "Day14\Day14.csproj", "{93C20055-9738-4CC8-B81E-BB1681299F0D}"
EndProject
Project("{FAE04EC0-301F-11D3-BF4B-00C04F79EFBC}") = "Utilities", "Utilities\Utilities.csproj", "{8E0ADF64-57E7-4DC4-8D8B-D2551D86184F}"
EndProject
Project("{FAE04EC0-301F-11D3-BF4B-00C04F79EFBC}") = "Day15", "Day15\Day15.csproj", "{68076EDC-23D0-4631-B8A6-D3D0D707B69D}"
EndProject
Project("{FAE04EC0-301F-11D3-BF4B-00C04F79EFBC}") = "Day16", "Day16\Day16.csproj", "{683AA83D-C3D2-43DD-BE03-AE17267E2476}"
EndProject
Project("{FAE04EC0-301F-11D3-BF4B-00C04F79EFBC}") = "Day17", "Day17\Day17.csproj", "{A132D419-FBF7-4CF8-8AFE-4942341CE1A7}"
EndProject
Global
	GlobalSection(SolutionConfigurationPlatforms) = preSolution
		Debug|Any CPU = Debug|Any CPU
		Release|Any CPU = Release|Any CPU
	EndGlobalSection
	GlobalSection(ProjectConfigurationPlatforms) = postSolution
		{2442807E-63FD-44C7-ABE0-9B31585F8A1A}.Debug|Any CPU.ActiveCfg = Debug|Any CPU
		{2442807E-63FD-44C7-ABE0-9B31585F8A1A}.Debug|Any CPU.Build.0 = Debug|Any CPU
		{2442807E-63FD-44C7-ABE0-9B31585F8A1A}.Release|Any CPU.ActiveCfg = Release|Any CPU
		{2442807E-63FD-44C7-ABE0-9B31585F8A1A}.Release|Any CPU.Build.0 = Release|Any CPU
		{93C20055-9738-4CC8-B81E-BB1681299F0D}.Debug|Any CPU.ActiveCfg = Debug|Any CPU
		{93C20055-9738-4CC8-B81E-BB1681299F0D}.Debug|Any CPU.Build.0 = Debug|Any CPU
		{93C20055-9738-4CC8-B81E-BB1681299F0D}.Release|Any CPU.ActiveCfg = Release|Any CPU
		{93C20055-9738-4CC8-B81E-BB1681299F0D}.Release|Any CPU.Build.0 = Release|Any CPU
		{8E0ADF64-57E7-4DC4-8D8B-D2551D86184F}.Debug|Any CPU.ActiveCfg = Debug|Any CPU
		{8E0ADF64-57E7-4DC4-8D8B-D2551D86184F}.Debug|Any CPU.Build.0 = Debug|Any CPU
		{8E0ADF64-57E7-4DC4-8D8B-D2551D86184F}.Release|Any CPU.ActiveCfg = Release|Any CPU
		{8E0ADF64-57E7-4DC4-8D8B-D2551D86184F}.Release|Any CPU.Build.0 = Release|Any CPU
		{68076EDC-23D0-4631-B8A6-D3D0D707B69D}.Debug|Any CPU.ActiveCfg = Debug|Any CPU
		{68076EDC-23D0-4631-B8A6-D3D0D707B69D}.Debug|Any CPU.Build.0 = Debug|Any CPU
		{68076EDC-23D0-4631-B8A6-D3D0D707B69D}.Release|Any CPU.ActiveCfg = Release|Any CPU
		{68076EDC-23D0-4631-B8A6-D3D0D707B69D}.Release|Any CPU.Build.0 = Release|Any CPU
		{683AA83D-C3D2-43DD-BE03-AE17267E2476}.Debug|Any CPU.ActiveCfg = Debug|Any CPU
		{683AA83D-C3D2-43DD-BE03-AE17267E2476}.Debug|Any CPU.Build.0 = Debug|Any CPU
		{683AA83D-C3D2-43DD-BE03-AE17267E2476}.Release|Any CPU.ActiveCfg = Release|Any CPU
		{683AA83D-C3D2-43DD-BE03-AE17267E2476}.Release|Any CPU.Build.0 = Release|Any CPU
		{A132D419-FBF7-4CF8-8AFE-4942341CE1A7}.Debug|Any CPU.ActiveCfg = Debug|Any CPU
		{A132D419-FBF7-4CF8-8AFE-4942341CE1A7}.Debug|Any CPU.Build.0 = Debug|Any CPU
		{A132D419-FBF7-4CF8-8AFE-4942341CE1A7}.Release|Any CPU.ActiveCfg = Release|Any CPU
		{A132D419-FBF7-4CF8-8AFE-4942341CE1A7}.Release|Any CPU.Build.0 = Release|Any CPU
	EndGlobalSection
	GlobalSection(SolutionProperties) = preSolution
		HideSolutionNode = FALSE
	EndGlobalSection
	GlobalSection(ExtensibilityGlobals) = postSolution
		SolutionGuid = {E9B94D4B-8004-422A-A1C4-3DE03422E903}
	EndGlobalSection
EndGlobal
